
Microsoft Visual Studio Solution File, Format Version 12.00
# Visual Studio Version 16
VisualStudioVersion = 16.0.30011.22
MinimumVisualStudioVersion = 15.0.26124.0
Project("{9A19103F-16F7-4668-BE54-9A1E7A4F7556}") = "mancalalib", "mancalalib\mancalalib.csproj", "{4F7CF977-83F4-4281-95BC-0EC817DFD4C5}"
EndProject
Project("{9A19103F-16F7-4668-BE54-9A1E7A4F7556}") = "mancalalib.Testes", "mancalalib.Testes\mancalalib.Testes.csproj", "{1B8A814E-3F5F-44D7-9E2A-A10CC4936A40}"
EndProject
Project("{FAE04EC0-301F-11D3-BF4B-00C04F79EFBC}") = "main", "main\main.csproj", "{4C107E88-682A-4A0A-A932-22A321FB97CE}"
EndProject
Global
	GlobalSection(SolutionConfigurationPlatforms) = preSolution
		Debug|Any CPU = Debug|Any CPU
		Debug|x64 = Debug|x64
		Debug|x86 = Debug|x86
		Release|Any CPU = Release|Any CPU
		Release|x64 = Release|x64
		Release|x86 = Release|x86
	EndGlobalSection
	GlobalSection(ProjectConfigurationPlatforms) = postSolution
		{4F7CF977-83F4-4281-95BC-0EC817DFD4C5}.Debug|Any CPU.ActiveCfg = Debug|Any CPU
		{4F7CF977-83F4-4281-95BC-0EC817DFD4C5}.Debug|Any CPU.Build.0 = Debug|Any CPU
		{4F7CF977-83F4-4281-95BC-0EC817DFD4C5}.Debug|x64.ActiveCfg = Debug|Any CPU
		{4F7CF977-83F4-4281-95BC-0EC817DFD4C5}.Debug|x64.Build.0 = Debug|Any CPU
		{4F7CF977-83F4-4281-95BC-0EC817DFD4C5}.Debug|x86.ActiveCfg = Debug|Any CPU
		{4F7CF977-83F4-4281-95BC-0EC817DFD4C5}.Debug|x86.Build.0 = Debug|Any CPU
		{4F7CF977-83F4-4281-95BC-0EC817DFD4C5}.Release|Any CPU.ActiveCfg = Release|Any CPU
		{4F7CF977-83F4-4281-95BC-0EC817DFD4C5}.Release|Any CPU.Build.0 = Release|Any CPU
		{4F7CF977-83F4-4281-95BC-0EC817DFD4C5}.Release|x64.ActiveCfg = Release|Any CPU
		{4F7CF977-83F4-4281-95BC-0EC817DFD4C5}.Release|x64.Build.0 = Release|Any CPU
		{4F7CF977-83F4-4281-95BC-0EC817DFD4C5}.Release|x86.ActiveCfg = Release|Any CPU
		{4F7CF977-83F4-4281-95BC-0EC817DFD4C5}.Release|x86.Build.0 = Release|Any CPU
		{1B8A814E-3F5F-44D7-9E2A-A10CC4936A40}.Debug|Any CPU.ActiveCfg = Debug|Any CPU
		{1B8A814E-3F5F-44D7-9E2A-A10CC4936A40}.Debug|Any CPU.Build.0 = Debug|Any CPU
		{1B8A814E-3F5F-44D7-9E2A-A10CC4936A40}.Debug|x64.ActiveCfg = Debug|Any CPU
		{1B8A814E-3F5F-44D7-9E2A-A10CC4936A40}.Debug|x64.Build.0 = Debug|Any CPU
		{1B8A814E-3F5F-44D7-9E2A-A10CC4936A40}.Debug|x86.ActiveCfg = Debug|Any CPU
		{1B8A814E-3F5F-44D7-9E2A-A10CC4936A40}.Debug|x86.Build.0 = Debug|Any CPU
		{1B8A814E-3F5F-44D7-9E2A-A10CC4936A40}.Release|Any CPU.ActiveCfg = Release|Any CPU
		{1B8A814E-3F5F-44D7-9E2A-A10CC4936A40}.Release|Any CPU.Build.0 = Release|Any CPU
		{1B8A814E-3F5F-44D7-9E2A-A10CC4936A40}.Release|x64.ActiveCfg = Release|Any CPU
		{1B8A814E-3F5F-44D7-9E2A-A10CC4936A40}.Release|x64.Build.0 = Release|Any CPU
		{1B8A814E-3F5F-44D7-9E2A-A10CC4936A40}.Release|x86.ActiveCfg = Release|Any CPU
		{1B8A814E-3F5F-44D7-9E2A-A10CC4936A40}.Release|x86.Build.0 = Release|Any CPU
		{4C107E88-682A-4A0A-A932-22A321FB97CE}.Debug|Any CPU.ActiveCfg = Debug|Any CPU
		{4C107E88-682A-4A0A-A932-22A321FB97CE}.Debug|Any CPU.Build.0 = Debug|Any CPU
		{4C107E88-682A-4A0A-A932-22A321FB97CE}.Debug|x64.ActiveCfg = Debug|Any CPU
		{4C107E88-682A-4A0A-A932-22A321FB97CE}.Debug|x64.Build.0 = Debug|Any CPU
		{4C107E88-682A-4A0A-A932-22A321FB97CE}.Debug|x86.ActiveCfg = Debug|Any CPU
		{4C107E88-682A-4A0A-A932-22A321FB97CE}.Debug|x86.Build.0 = Debug|Any CPU
		{4C107E88-682A-4A0A-A932-22A321FB97CE}.Release|Any CPU.ActiveCfg = Release|Any CPU
		{4C107E88-682A-4A0A-A932-22A321FB97CE}.Release|Any CPU.Build.0 = Release|Any CPU
		{4C107E88-682A-4A0A-A932-22A321FB97CE}.Release|x64.ActiveCfg = Release|Any CPU
		{4C107E88-682A-4A0A-A932-22A321FB97CE}.Release|x64.Build.0 = Release|Any CPU
		{4C107E88-682A-4A0A-A932-22A321FB97CE}.Release|x86.ActiveCfg = Release|Any CPU
		{4C107E88-682A-4A0A-A932-22A321FB97CE}.Release|x86.Build.0 = Release|Any CPU
	EndGlobalSection
	GlobalSection(SolutionProperties) = preSolution
		HideSolutionNode = FALSE
	EndGlobalSection
	GlobalSection(ExtensibilityGlobals) = postSolution
		SolutionGuid = {FE380CBF-B9B1-4379-9A39-8B393971A41E}
	EndGlobalSection
EndGlobal
